{
  "requires": true,
  "lockfileVersion": 1,
  "dependencies": {
    "@types/bson": {
      "version": "1.0.8",
      "resolved": "https://registry.npmjs.org/@types/bson/-/bson-1.0.8.tgz",
      "integrity": "sha512-PMa4nkRhLaqwsXQDDTzGbTyCIpej0ERznyAP9fyuGnlsmUbcC4Y25mdqjibYjkOPNyK/BWWUKneruaKHcS3Q8g==",
      "requires": {
        "@types/node": "9.6.6"
      }
    },
    "@types/events": {
      "version": "1.2.0",
      "resolved": "https://registry.npmjs.org/@types/events/-/events-1.2.0.tgz",
      "integrity": "sha512-KEIlhXnIutzKwRbQkGWb/I4HFqBuUykAdHgDED6xqwXJfONCjF5VoE0cXEiurh3XauygxzeDzgtXUqvLkxFzzA=="
    },
    "@types/mongodb": {
      "version": "3.0.15",
      "resolved": "https://registry.npmjs.org/@types/mongodb/-/mongodb-3.0.15.tgz",
      "integrity": "sha512-sc96v9z3S3dS7acW6q6eKnAEvU2X3a42RIAslNAGpKpjy9Kw/M4dZfUtf83+mUNRM7OUejMIb/UP46OhIH+lYA==",
      "requires": {
        "@types/bson": "1.0.8",
        "@types/events": "1.2.0",
        "@types/node": "9.6.6"
      }
    },
    "@types/mongoose": {
      "version": "5.0.10",
      "resolved": "https://registry.npmjs.org/@types/mongoose/-/mongoose-5.0.10.tgz",
      "integrity": "sha512-KvtT1/EGwGflPmKBLbMBtAFeNkXEaQeqY+vZCI6gbu7q8aKzl0r4GAVv8PMolLRF68X2JY7M/43+qThnbGZiNA==",
      "requires": {
        "@types/events": "1.2.0",
        "@types/mongodb": "3.0.15",
        "@types/node": "9.6.6"
      }
    },
    "@types/node": {
      "version": "9.6.6",
      "resolved": "https://registry.npmjs.org/@types/node/-/node-9.6.6.tgz",
      "integrity": "sha512-SJe0g5cZeGNDP5sD8mIX3scb+eq8LQQZ60FXiKZHipYSeEFZ5EKml+NNMiO76F74TY4PoMWlNxF/YRY40FOvZQ=="
    },
    "koa2-connect-history-api-fallback": {
      "version": "0.0.6",
      "resolved": "https://registry.npmjs.org/koa2-connect-history-api-fallback/-/koa2-connect-history-api-fallback-0.0.6.tgz",
      "integrity": "sha512-efRrC8jUzd6HP+cjv5gKIXuKi8KoCUgPjr2RrDUkEAaj0C8kQo6N9KBiVh5MNfDK9G1i3hN18Fm2O8avyeXX1w=="
    }
  }
}
